
Microsoft Visual Studio Solution File, Format Version 12.00
# Visual Studio Version 17
VisualStudioVersion = 17.6.33815.320
MinimumVisualStudioVersion = 10.0.40219.1
Project("{FAE04EC0-301F-11D3-BF4B-00C04F79EFBC}") = "02_Tip_Dönüsümleri", "02_Tip_Dönüsümleri\02_Tip_Dönüsümleri.csproj", "{C9BF2E14-CFB7-4FBD-9741-460FCE5464E6}"
EndProject
Global
	GlobalSection(SolutionConfigurationPlatforms) = preSolution
		Debug|Any CPU = Debug|Any CPU
		Release|Any CPU = Release|Any CPU
	EndGlobalSection
	GlobalSection(ProjectConfigurationPlatforms) = postSolution
		{C9BF2E14-CFB7-4FBD-9741-460FCE5464E6}.Debug|Any CPU.ActiveCfg = Debug|Any CPU
		{C9BF2E14-CFB7-4FBD-9741-460FCE5464E6}.Debug|Any CPU.Build.0 = Debug|Any CPU
		{C9BF2E14-CFB7-4FBD-9741-460FCE5464E6}.Release|Any CPU.ActiveCfg = Release|Any CPU
		{C9BF2E14-CFB7-4FBD-9741-460FCE5464E6}.Release|Any CPU.Build.0 = Release|Any CPU
	EndGlobalSection
	GlobalSection(SolutionProperties) = preSolution
		HideSolutionNode = FALSE
	EndGlobalSection
	GlobalSection(ExtensibilityGlobals) = postSolution
		SolutionGuid = {7C3A7E4D-5F3A-44F6-9742-3EB2F9D47734}
	EndGlobalSection
EndGlobal
