
Microsoft Visual Studio Solution File, Format Version 12.00
# Visual Studio Version 17
VisualStudioVersion = 17.6.33815.320
MinimumVisualStudioVersion = 10.0.40219.1
Project("{FAE04EC0-301F-11D3-BF4B-00C04F79EFBC}") = "05_Switch_Case", "05_Switch_Case\05_Switch_Case.csproj", "{932715A8-AC28-4C3C-83FD-2683F049CF34}"
EndProject
Global
	GlobalSection(SolutionConfigurationPlatforms) = preSolution
		Debug|Any CPU = Debug|Any CPU
		Release|Any CPU = Release|Any CPU
	EndGlobalSection
	GlobalSection(ProjectConfigurationPlatforms) = postSolution
		{932715A8-AC28-4C3C-83FD-2683F049CF34}.Debug|Any CPU.ActiveCfg = Debug|Any CPU
		{932715A8-AC28-4C3C-83FD-2683F049CF34}.Debug|Any CPU.Build.0 = Debug|Any CPU
		{932715A8-AC28-4C3C-83FD-2683F049CF34}.Release|Any CPU.ActiveCfg = Release|Any CPU
		{932715A8-AC28-4C3C-83FD-2683F049CF34}.Release|Any CPU.Build.0 = Release|Any CPU
	EndGlobalSection
	GlobalSection(SolutionProperties) = preSolution
		HideSolutionNode = FALSE
	EndGlobalSection
	GlobalSection(ExtensibilityGlobals) = postSolution
		SolutionGuid = {0B34E954-52C1-4C81-8AC0-A84E0215ADD6}
	EndGlobalSection
EndGlobal
